
Microsoft Visual Studio Solution File, Format Version 12.00
Project("{FAE04EC0-301F-11D3-BF4B-00C04F79EFBC}") = "SortePer", "SortePer\SortePer.csproj", "{438278B3-4B77-404E-862D-78FF3A9A1264}"
EndProject
Project("{FAE04EC0-301F-11D3-BF4B-00C04F79EFBC}") = "SortePerLibrary", "SortePerLibrary\SortePerLibrary.csproj", "{F83F590D-8925-41AF-88BC-30F5ADFD4DA3}"
EndProject
Global
	GlobalSection(SolutionConfigurationPlatforms) = preSolution
		Debug|Any CPU = Debug|Any CPU
		Release|Any CPU = Release|Any CPU
	EndGlobalSection
	GlobalSection(ProjectConfigurationPlatforms) = postSolution
		{438278B3-4B77-404E-862D-78FF3A9A1264}.Debug|Any CPU.ActiveCfg = Debug|Any CPU
		{438278B3-4B77-404E-862D-78FF3A9A1264}.Debug|Any CPU.Build.0 = Debug|Any CPU
		{438278B3-4B77-404E-862D-78FF3A9A1264}.Release|Any CPU.ActiveCfg = Release|Any CPU
		{438278B3-4B77-404E-862D-78FF3A9A1264}.Release|Any CPU.Build.0 = Release|Any CPU
		{F83F590D-8925-41AF-88BC-30F5ADFD4DA3}.Debug|Any CPU.ActiveCfg = Debug|Any CPU
		{F83F590D-8925-41AF-88BC-30F5ADFD4DA3}.Debug|Any CPU.Build.0 = Debug|Any CPU
		{F83F590D-8925-41AF-88BC-30F5ADFD4DA3}.Release|Any CPU.ActiveCfg = Release|Any CPU
		{F83F590D-8925-41AF-88BC-30F5ADFD4DA3}.Release|Any CPU.Build.0 = Release|Any CPU
	EndGlobalSection
EndGlobal
